// !$*UTF8*$!
{
	archiveVersion = 1;
	classes = {
	};
	objectVersion = 50;
	objects = {

/* Begin PBXBuildFile section */
		BEE3040D23DF448F00EE82CE /* AppDelegate.swift in Sources */ = {isa = PBXBuildFile; fileRef = BEE3040C23DF448F00EE82CE /* AppDelegate.swift */; };
		BEE3040F23DF448F00EE82CE /* SceneDelegate.swift in Sources */ = {isa = PBXBuildFile; fileRef = BEE3040E23DF448F00EE82CE /* SceneDelegate.swift */; };
		BEE3041123DF448F00EE82CE /* ViewController.swift in Sources */ = {isa = PBXBuildFile; fileRef = BEE3041023DF448F00EE82CE /* ViewController.swift */; };
		BEE3041423DF448F00EE82CE /* Main.storyboard in Resources */ = {isa = PBXBuildFile; fileRef = BEE3041223DF448F00EE82CE /* Main.storyboard */; };
		BEE3041623DF448F00EE82CE /* Assets.xcassets in Resources */ = {isa = PBXBuildFile; fileRef = BEE3041523DF448F00EE82CE /* Assets.xcassets */; };
		BEE3041923DF448F00EE82CE /* LaunchScreen.storyboard in Resources */ = {isa = PBXBuildFile; fileRef = BEE3041723DF448F00EE82CE /* LaunchScreen.storyboard */; };
		BEE3042123DF44BF00EE82CE /* Movies.swift in Sources */ = {isa = PBXBuildFile; fileRef = BEE3042023DF44BF00EE82CE /* Movies.swift */; };
		BEE3042523DF486400EE82CE /* FontViewController.swift in Sources */ = {isa = PBXBuildFile; fileRef = BEE3042423DF486400EE82CE /* FontViewController.swift */; };
/* End PBXBuildFile section */

/* Begin PBXFileReference section */
		BEE3040923DF448F00EE82CE /* CustomDelegationLab.app */ = {isa = PBXFileReference; explicitFileType = wrapper.application; includeInIndex = 0; path = CustomDelegationLab.app; sourceTree = BUILT_PRODUCTS_DIR; };
		BEE3040C23DF448F00EE82CE /* AppDelegate.swift */ = {isa = PBXFileReference; lastKnownFileType = sourcecode.swift; path = AppDelegate.swift; sourceTree = "<group>"; };
		BEE3040E23DF448F00EE82CE /* SceneDelegate.swift */ = {isa = PBXFileReference; lastKnownFileType = sourcecode.swift; path = SceneDelegate.swift; sourceTree = "<group>"; };
		BEE3041023DF448F00EE82CE /* ViewController.swift */ = {isa = PBXFileReference; lastKnownFileType = sourcecode.swift; path = ViewController.swift; sourceTree = "<group>"; };
		BEE3041323DF448F00EE82CE /* Base */ = {isa = PBXFileReference; lastKnownFileType = file.storyboard; name = Base; path = Base.lproj/Main.storyboard; sourceTree = "<group>"; };
		BEE3041523DF448F00EE82CE /* Assets.xcassets */ = {isa = PBXFileReference; lastKnownFileType = folder.assetcatalog; path = Assets.xcassets; sourceTree = "<group>"; };
		BEE3041823DF448F00EE82CE /* Base */ = {isa = PBXFileReference; lastKnownFileType = file.storyboard; name = Base; path = Base.lproj/LaunchScreen.storyboard; sourceTree = "<group>"; };
		BEE3041A23DF448F00EE82CE /* Info.plist */ = {isa = PBXFileReference; lastKnownFileType = text.plist.xml; path = Info.plist; sourceTree = "<group>"; };
		BEE3042023DF44BF00EE82CE /* Movies.swift */ = {isa = PBXFileReference; lastKnownFileType = sourcecode.swift; path = Movies.swift; sourceTree = "<group>"; };
		BEE3042423DF486400EE82CE /* FontViewController.swift */ = {isa = PBXFileReference; lastKnownFileType = sourcecode.swift; path = FontViewController.swift; sourceTree = "<group>"; };
/* End PBXFileReference section */

/* Begin PBXFrameworksBuildPhase section */
		BEE3040623DF448F00EE82CE /* Frameworks */ = {
			isa = PBXFrameworksBuildPhase;
			buildActionMask = 2147483647;
			files = (
			);
			runOnlyForDeploymentPostprocessing = 0;
		};
/* End PBXFrameworksBuildPhase section */

/* Begin PBXGroup section */
		BEE3040023DF448F00EE82CE = {
			isa = PBXGroup;
			children = (
				BEE3040B23DF448F00EE82CE /* CustomDelegationLab */,
				BEE3040A23DF448F00EE82CE /* Products */,
			);
			sourceTree = "<group>";
		};
		BEE3040A23DF448F00EE82CE /* Products */ = {
			isa = PBXGroup;
			children = (
				BEE3040923DF448F00EE82CE /* CustomDelegationLab.app */,
			);
			name = Products;
			sourceTree = "<group>";
		};
		BEE3040B23DF448F00EE82CE /* CustomDelegationLab */ = {
			isa = PBXGroup;
			children = (
				BEE3042023DF44BF00EE82CE /* Movies.swift */,
				BEE3040C23DF448F00EE82CE /* AppDelegate.swift */,
				BEE3040E23DF448F00EE82CE /* SceneDelegate.swift */,
				BEE3041023DF448F00EE82CE /* ViewController.swift */,
				BEE3041223DF448F00EE82CE /* Main.storyboard */,
				BEE3041523DF448F00EE82CE /* Assets.xcassets */,
				BEE3041723DF448F00EE82CE /* LaunchScreen.storyboard */,
				BEE3041A23DF448F00EE82CE /* Info.plist */,
				BEE3042423DF486400EE82CE /* FontViewController.swift */,
			);
			path = CustomDelegationLab;
			sourceTree = "<group>";
		};
/* End PBXGroup section */

/* Begin PBXNativeTarget section */
		BEE3040823DF448F00EE82CE /* CustomDelegationLab */ = {
			isa = PBXNativeTarget;
			buildConfigurationList = BEE3041D23DF448F00EE82CE /* Build configuration list for PBXNativeTarget "CustomDelegationLab" */;
			buildPhases = (
				BEE3040523DF448F00EE82CE /* Sources */,
				BEE3040623DF448F00EE82CE /* Frameworks */,
				BEE3040723DF448F00EE82CE /* Resources */,
			);
			buildRules = (
			);
			dependencies = (
			);
			name = CustomDelegationLab;
			productName = CustomDelegationLab;
			productReference = BEE3040923DF448F00EE82CE /* CustomDelegationLab.app */;
			productType = "com.apple.product-type.application";
		};
/* End PBXNativeTarget section */

/* Begin PBXProject section */
		BEE3040123DF448F00EE82CE /* Project object */ = {
			isa = PBXProject;
			attributes = {
				LastSwiftUpdateCheck = 1100;
				LastUpgradeCheck = 1100;
				ORGANIZATIONNAME = "Oscar Victoria Gonzalez ";
				TargetAttributes = {
					BEE3040823DF448F00EE82CE = {
						CreatedOnToolsVersion = 11.0;
					};
				};
			};
			buildConfigurationList = BEE3040423DF448F00EE82CE /* Build configuration list for PBXProject "CustomDelegationLab" */;
			compatibilityVersion = "Xcode 9.3";
			developmentRegion = en;
			hasScannedForEncodings = 0;
			knownRegions = (
				en,
				Base,
			);
			mainGroup = BEE3040023DF448F00EE82CE;
			productRefGroup = BEE3040A23DF448F00EE82CE /* Products */;
			projectDirPath = "";
			projectRoot = "";
			targets = (
				BEE3040823DF448F00EE82CE /* CustomDelegationLab */,
			);
		};
/* End PBXProject section */

/* Begin PBXResourcesBuildPhase section */
		BEE3040723DF448F00EE82CE /* Resources */ = {
			isa = PBXResourcesBuildPhase;
			buildActionMask = 2147483647;
			files = (
				BEE3041923DF448F00EE82CE /* LaunchScreen.storyboard in Resources */,
				BEE3041623DF448F00EE82CE /* Assets.xcassets in Resources */,
				BEE3041423DF448F00EE82CE /* Main.storyboard in Resources */,
			);
			runOnlyForDeploymentPostprocessing = 0;
		};
/* End PBXResourcesBuildPhase section */

/* Begin PBXSourcesBuildPhase section */
		BEE3040523DF448F00EE82CE /* Sources */ = {
			isa = PBXSourcesBuildPhase;
			buildActionMask = 2147483647;
			files = (
				BEE3041123DF448F00EE82CE /* ViewController.swift in Sources */,
				BEE3040D23DF448F00EE82CE /* AppDelegate.swift in Sources */,
				BEE3042123DF44BF00EE82CE /* Movies.swift in Sources */,
				BEE3042523DF486400EE82CE /* FontViewController.swift in Sources */,
				BEE3040F23DF448F00EE82CE /* SceneDelegate.swift in Sources */,
			);
			runOnlyForDeploymentPostprocessing = 0;
		};
/* End PBXSourcesBuildPhase section */

/* Begin PBXVariantGroup section */
		BEE3041223DF448F00EE82CE /* Main.storyboard */ = {
			isa = PBXVariantGroup;
			children = (
				BEE3041323DF448F00EE82CE /* Base */,
			);
			name = Main.storyboard;
			sourceTree = "<group>";
		};
		BEE3041723DF448F00EE82CE /* LaunchScreen.storyboard */ = {
			isa = PBXVariantGroup;
			children = (
				BEE3041823DF448F00EE82CE /* Base */,
			);
			name = LaunchScreen.storyboard;
			sourceTree = "<group>";
		};
/* End PBXVariantGroup section */

/* Begin XCBuildConfiguration section */
		BEE3041B23DF448F00EE82CE /* Debug */ = {
			isa = XCBuildConfiguration;
			buildSettings = {
				ALWAYS_SEARCH_USER_PATHS = NO;
				CLANG_ANALYZER_NONNULL = YES;
				CLANG_ANALYZER_NUMBER_OBJECT_CONVERSION = YES_AGGRESSIVE;
				CLANG_CXX_LANGUAGE_STANDARD = "gnu++14";
				CLANG_CXX_LIBRARY = "libc++";
				CLANG_ENABLE_MODULES = YES;
				CLANG_ENABLE_OBJC_ARC = YES;
				CLANG_ENABLE_OBJC_WEAK = YES;
				CLANG_WARN_BLOCK_CAPTURE_AUTORELEASING = YES;
				CLANG_WARN_BOOL_CONVERSION = YES;
				CLANG_WARN_COMMA = YES;
				CLANG_WARN_CONSTANT_CONVERSION = YES;
				CLANG_WARN_DEPRECATED_OBJC_IMPLEMENTATIONS = YES;
				CLANG_WARN_DIRECT_OBJC_ISA_USAGE = YES_ERROR;
				CLANG_WARN_DOCUMENTATION_COMMENTS = YES;
				CLANG_WARN_EMPTY_BODY = YES;
				CLANG_WARN_ENUM_CONVERSION = YES;
				CLANG_WARN_INFINITE_RECURSION = YES;
				CLANG_WARN_INT_CONVERSION = YES;
				CLANG_WARN_NON_LITERAL_NULL_CONVERSION = YES;
				CLANG_WARN_OBJC_IMPLICIT_RETAIN_SELF = YES;
				CLANG_WARN_OBJC_LITERAL_CONVERSION = YES;
				CLANG_WARN_OBJC_ROOT_CLASS = YES_ERROR;
				CLANG_WARN_RANGE_LOOP_ANALYSIS = YES;
				CLANG_WARN_STRICT_PROTOTYPES = YES;
				CLANG_WARN_SUSPICIOUS_MOVE = YES;
				CLANG_WARN_UNGUARDED_AVAILABILITY = YES_AGGRESSIVE;
				CLANG_WARN_UNREACHABLE_CODE = YES;
				CLANG_WARN__DUPLICATE_METHOD_MATCH = YES;
				COPY_PHASE_STRIP = NO;
				DEBUG_INFORMATION_FORMAT = dwarf;
				ENABLE_STRICT_OBJC_MSGSEND = YES;
				ENABLE_TESTABILITY = YES;
				GCC_C_LANGUAGE_STANDARD = gnu11;
				GCC_DYNAMIC_NO_PIC = NO;
				GCC_NO_COMMON_BLOCKS = YES;
				GCC_OPTIMIZATION_LEVEL = 0;
				GCC_PREPROCESSOR_DEFINITIONS = (
					"DEBUG=1",
					"$(inherited)",
				);
				GCC_WARN_64_TO_32_BIT_CONVERSION = YES;
				GCC_WARN_ABOUT_RETURN_TYPE = YES_ERROR;
				GCC_WARN_UNDECLARED_SELECTOR = YES;
				GCC_WARN_UNINITIALIZED_AUTOS = YES_AGGRESSIVE;
				GCC_WARN_UNUSED_FUNCTION = YES;
				GCC_WARN_UNUSED_VARIABLE = YES;
				IPHONEOS_DEPLOYMENT_TARGET = 13.0;
				MTL_ENABLE_DEBUG_INFO = INCLUDE_SOURCE;
				MTL_FAST_MATH = YES;
				ONLY_ACTIVE_ARCH = YES;
				SDKROOT = iphoneos;
				SWIFT_ACTIVE_COMPILATION_CONDITIONS = DEBUG;
				SWIFT_OPTIMIZATION_LEVEL = "-Onone";
			};
			name = Debug;
		};
		BEE3041C23DF448F00EE82CE /* Release */ = {
			isa = XCBuildConfiguration;
			buildSettings = {
				ALWAYS_SEARCH_USER_PATHS = NO;
				CLANG_ANALYZER_NONNULL = YES;
				CLANG_ANALYZER_NUMBER_OBJECT_CONVERSION = YES_AGGRESSIVE;
				CLANG_CXX_LANGUAGE_STANDARD = "gnu++14";
				CLANG_CXX_LIBRARY = "libc++";
				CLANG_ENABLE_MODULES = YES;
				CLANG_ENABLE_OBJC_ARC = YES;
				CLANG_ENABLE_OBJC_WEAK = YES;
				CLANG_WARN_BLOCK_CAPTURE_AUTORELEASING = YES;
				CLANG_WARN_BOOL_CONVERSION = YES;
				CLANG_WARN_COMMA = YES;
				CLANG_WARN_CONSTANT_CONVERSION = YES;
				CLANG_WARN_DEPRECATED_OBJC_IMPLEMENTATIONS = YES;
				CLANG_WARN_DIRECT_OBJC_ISA_USAGE = YES_ERROR;
				CLANG_WARN_DOCUMENTATION_COMMENTS = YES;
				CLANG_WARN_EMPTY_BODY = YES;
				CLANG_WARN_ENUM_CONVERSION = YES;
				CLANG_WARN_INFINITE_RECURSION = YES;
				CLANG_WARN_INT_CONVERSION = YES;
				CLANG_WARN_NON_LITERAL_NULL_CONVERSION = YES;
				CLANG_WARN_OBJC_IMPLICIT_RETAIN_SELF = YES;
				CLANG_WARN_OBJC_LITERAL_CONVERSION = YES;
				CLANG_WARN_OBJC_ROOT_CLASS = YES_ERROR;
				CLANG_WARN_RANGE_LOOP_ANALYSIS = YES;
				CLANG_WARN_STRICT_PROTOTYPES = YES;
				CLANG_WARN_SUSPICIOUS_MOVE = YES;
				CLANG_WARN_UNGUARDED_AVAILABILITY = YES_AGGRESSIVE;
				CLANG_WARN_UNREACHABLE_CODE = YES;
				CLANG_WARN__DUPLICATE_METHOD_MATCH = YES;
				COPY_PHASE_STRIP = NO;
				DEBUG_INFORMATION_FORMAT = "dwarf-with-dsym";
				ENABLE_NS_ASSERTIONS = NO;
				ENABLE_STRICT_OBJC_MSGSEND = YES;
				GCC_C_LANGUAGE_STANDARD = gnu11;
				GCC_NO_COMMON_BLOCKS = YES;
				GCC_WARN_64_TO_32_BIT_CONVERSION = YES;
				GCC_WARN_ABOUT_RETURN_TYPE = YES_ERROR;
				GCC_WARN_UNDECLARED_SELECTOR = YES;
				GCC_WARN_UNINITIALIZED_AUTOS = YES_AGGRESSIVE;
				GCC_WARN_UNUSED_FUNCTION = YES;
				GCC_WARN_UNUSED_VARIABLE = YES;
				IPHONEOS_DEPLOYMENT_TARGET = 13.0;
				MTL_ENABLE_DEBUG_INFO = NO;
				MTL_FAST_MATH = YES;
				SDKROOT = iphoneos;
				SWIFT_COMPILATION_MODE = wholemodule;
				SWIFT_OPTIMIZATION_LEVEL = "-O";
				VALIDATE_PRODUCT = YES;
			};
			name = Release;
		};
		BEE3041E23DF448F00EE82CE /* Debug */ = {
			isa = XCBuildConfiguration;
			buildSettings = {
				ASSETCATALOG_COMPILER_APPICON_NAME = AppIcon;
				CODE_SIGN_STYLE = Automatic;
				DEVELOPMENT_TEAM = S55722VFBC;
				INFOPLIST_FILE = CustomDelegationLab/Info.plist;
				LD_RUNPATH_SEARCH_PATHS = (
					"$(inherited)",
					"@executable_path/Frameworks",
				);
				PRODUCT_BUNDLE_IDENTIFIER = oscarvictoria.CustomDelegationLab;
				PRODUCT_NAME = "$(TARGET_NAME)";
				SWIFT_VERSION = 5.0;
				TARGETED_DEVICE_FAMILY = "1,2";
			};
			name = Debug;
		};
		BEE3041F23DF448F00EE82CE /* Release */ = {
			isa = XCBuildConfiguration;
			buildSettings = {
				ASSETCATALOG_COMPILER_APPICON_NAME = AppIcon;
				CODE_SIGN_STYLE = Automatic;
				DEVELOPMENT_TEAM = S55722VFBC;
				INFOPLIST_FILE = CustomDelegationLab/Info.plist;
				LD_RUNPATH_SEARCH_PATHS = (
					"$(inherited)",
					"@executable_path/Frameworks",
				);
				PRODUCT_BUNDLE_IDENTIFIER = oscarvictoria.CustomDelegationLab;
				PRODUCT_NAME = "$(TARGET_NAME)";
				SWIFT_VERSION = 5.0;
				TARGETED_DEVICE_FAMILY = "1,2";
			};
			name = Release;
		};
/* End XCBuildConfiguration section */

/* Begin XCConfigurationList section */
		BEE3040423DF448F00EE82CE /* Build configuration list for PBXProject "CustomDelegationLab" */ = {
			isa = XCConfigurationList;
			buildConfigurations = (
				BEE3041B23DF448F00EE82CE /* Debug */,
				BEE3041C23DF448F00EE82CE /* Release */,
			);
			defaultConfigurationIsVisible = 0;
			defaultConfigurationName = Release;
		};
		BEE3041D23DF448F00EE82CE /* Build configuration list for PBXNativeTarget "CustomDelegationLab" */ = {
			isa = XCConfigurationList;
			buildConfigurations = (
				BEE3041E23DF448F00EE82CE /* Debug */,
				BEE3041F23DF448F00EE82CE /* Release */,
			);
			defaultConfigurationIsVisible = 0;
			defaultConfigurationName = Release;
		};
/* End XCConfigurationList section */
	};
	rootObject = BEE3040123DF448F00EE82CE /* Project object */;
}
